// !$*UTF8*$!
{
	archiveVersion = 1;
	classes = {
	};
	objectVersion = 50;
	objects = {

/* Begin PBXBuildFile section */
		42225408267393C30009A236 /* AppDelegate.swift in Sources */ = {isa = PBXBuildFile; fileRef = 42225407267393C30009A236 /* AppDelegate.swift */; };
		4222540A267393C30009A236 /* SceneDelegate.swift in Sources */ = {isa = PBXBuildFile; fileRef = 42225409267393C30009A236 /* SceneDelegate.swift */; };
		4222540C267393C30009A236 /* MainViewController.swift in Sources */ = {isa = PBXBuildFile; fileRef = 4222540B267393C30009A236 /* MainViewController.swift */; };
		4222540F267393C30009A236 /* Main.storyboard in Resources */ = {isa = PBXBuildFile; fileRef = 4222540D267393C30009A236 /* Main.storyboard */; };
		42225411267393C60009A236 /* Assets.xcassets in Resources */ = {isa = PBXBuildFile; fileRef = 42225410267393C60009A236 /* Assets.xcassets */; };
		42225414267393C60009A236 /* LaunchScreen.storyboard in Resources */ = {isa = PBXBuildFile; fileRef = 42225412267393C60009A236 /* LaunchScreen.storyboard */; };
		4222541F267394060009A236 /* DetailViewController.swift in Sources */ = {isa = PBXBuildFile; fileRef = 4222541E267394060009A236 /* DetailViewController.swift */; };
		42225424267443660009A236 /* MainRouter.swift in Sources */ = {isa = PBXBuildFile; fileRef = 42225423267443660009A236 /* MainRouter.swift */; };
		422254272674436E0009A236 /* MainViewModel.swift in Sources */ = {isa = PBXBuildFile; fileRef = 422254262674436E0009A236 /* MainViewModel.swift */; };
		4222542A267443870009A236 /* DetailRouter.swift in Sources */ = {isa = PBXBuildFile; fileRef = 42225429267443870009A236 /* DetailRouter.swift */; };
		4222542D267443920009A236 /* DetailViewModel.swift in Sources */ = {isa = PBXBuildFile; fileRef = 4222542C267443920009A236 /* DetailViewModel.swift */; };
		42225430267443A70009A236 /* DetailParentRouter.swift in Sources */ = {isa = PBXBuildFile; fileRef = 4222542F267443A70009A236 /* DetailParentRouter.swift */; };
		42225435267446470009A236 /* Router.swift in Sources */ = {isa = PBXBuildFile; fileRef = 42225434267446470009A236 /* Router.swift */; };
		42225439267449DE0009A236 /* ViewModel.swift in Sources */ = {isa = PBXBuildFile; fileRef = 42225438267449DE0009A236 /* ViewModel.swift */; };
		4222543C2675A2970009A236 /* Detail.storyboard in Resources */ = {isa = PBXBuildFile; fileRef = 4222543B2675A2970009A236 /* Detail.storyboard */; };
/* End PBXBuildFile section */

/* Begin PBXFileReference section */
		42225404267393C30009A236 /* Architecture.app */ = {isa = PBXFileReference; explicitFileType = wrapper.application; includeInIndex = 0; path = Architecture.app; sourceTree = BUILT_PRODUCTS_DIR; };
		42225407267393C30009A236 /* AppDelegate.swift */ = {isa = PBXFileReference; lastKnownFileType = sourcecode.swift; path = AppDelegate.swift; sourceTree = "<group>"; };
		42225409267393C30009A236 /* SceneDelegate.swift */ = {isa = PBXFileReference; lastKnownFileType = sourcecode.swift; path = SceneDelegate.swift; sourceTree = "<group>"; };
		4222540B267393C30009A236 /* MainViewController.swift */ = {isa = PBXFileReference; lastKnownFileType = sourcecode.swift; path = MainViewController.swift; sourceTree = "<group>"; };
		4222540E267393C30009A236 /* Base */ = {isa = PBXFileReference; lastKnownFileType = file.storyboard; name = Base; path = Base.lproj/Main.storyboard; sourceTree = "<group>"; };
		42225410267393C60009A236 /* Assets.xcassets */ = {isa = PBXFileReference; lastKnownFileType = folder.assetcatalog; path = Assets.xcassets; sourceTree = "<group>"; };
		42225413267393C60009A236 /* Base */ = {isa = PBXFileReference; lastKnownFileType = file.storyboard; name = Base; path = Base.lproj/LaunchScreen.storyboard; sourceTree = "<group>"; };
		42225415267393C60009A236 /* Info.plist */ = {isa = PBXFileReference; lastKnownFileType = text.plist.xml; path = Info.plist; sourceTree = "<group>"; };
		4222541E267394060009A236 /* DetailViewController.swift */ = {isa = PBXFileReference; lastKnownFileType = sourcecode.swift; path = DetailViewController.swift; sourceTree = "<group>"; };
		42225423267443660009A236 /* MainRouter.swift */ = {isa = PBXFileReference; lastKnownFileType = sourcecode.swift; path = MainRouter.swift; sourceTree = "<group>"; };
		422254262674436E0009A236 /* MainViewModel.swift */ = {isa = PBXFileReference; lastKnownFileType = sourcecode.swift; path = MainViewModel.swift; sourceTree = "<group>"; };
		42225429267443870009A236 /* DetailRouter.swift */ = {isa = PBXFileReference; lastKnownFileType = sourcecode.swift; path = DetailRouter.swift; sourceTree = "<group>"; };
		4222542C267443920009A236 /* DetailViewModel.swift */ = {isa = PBXFileReference; lastKnownFileType = sourcecode.swift; path = DetailViewModel.swift; sourceTree = "<group>"; };
		4222542F267443A70009A236 /* DetailParentRouter.swift */ = {isa = PBXFileReference; lastKnownFileType = sourcecode.swift; path = DetailParentRouter.swift; sourceTree = "<group>"; };
		42225434267446470009A236 /* Router.swift */ = {isa = PBXFileReference; lastKnownFileType = sourcecode.swift; path = Router.swift; sourceTree = "<group>"; };
		42225438267449DE0009A236 /* ViewModel.swift */ = {isa = PBXFileReference; lastKnownFileType = sourcecode.swift; path = ViewModel.swift; sourceTree = "<group>"; };
		4222543B2675A2970009A236 /* Detail.storyboard */ = {isa = PBXFileReference; lastKnownFileType = file.storyboard; path = Detail.storyboard; sourceTree = "<group>"; };
/* End PBXFileReference section */

/* Begin PBXFrameworksBuildPhase section */
		42225401267393C30009A236 /* Frameworks */ = {
			isa = PBXFrameworksBuildPhase;
			buildActionMask = 2147483647;
			files = (
			);
			runOnlyForDeploymentPostprocessing = 0;
		};
/* End PBXFrameworksBuildPhase section */

/* Begin PBXGroup section */
		422253FB267393C30009A236 = {
			isa = PBXGroup;
			children = (
				42225406267393C30009A236 /* Architecture */,
				42225405267393C30009A236 /* Products */,
			);
			sourceTree = "<group>";
		};
		42225405267393C30009A236 /* Products */ = {
			isa = PBXGroup;
			children = (
				42225404267393C30009A236 /* Architecture.app */,
			);
			name = Products;
			sourceTree = "<group>";
		};
		42225406267393C30009A236 /* Architecture */ = {
			isa = PBXGroup;
			children = (
				42225433267446380009A236 /* General */,
				4222541D267393E50009A236 /* Detail */,
				4222541C267393DC0009A236 /* Main */,
				42225407267393C30009A236 /* AppDelegate.swift */,
				42225409267393C30009A236 /* SceneDelegate.swift */,
				42225410267393C60009A236 /* Assets.xcassets */,
				42225412267393C60009A236 /* LaunchScreen.storyboard */,
				42225415267393C60009A236 /* Info.plist */,
			);
			path = Architecture;
			sourceTree = "<group>";
		};
		4222541C267393DC0009A236 /* Main */ = {
			isa = PBXGroup;
			children = (
				4222540D267393C30009A236 /* Main.storyboard */,
				4222540B267393C30009A236 /* MainViewController.swift */,
				42225423267443660009A236 /* MainRouter.swift */,
				422254262674436E0009A236 /* MainViewModel.swift */,
			);
			path = Main;
			sourceTree = "<group>";
		};
		4222541D267393E50009A236 /* Detail */ = {
			isa = PBXGroup;
			children = (
				4222541E267394060009A236 /* DetailViewController.swift */,
				42225429267443870009A236 /* DetailRouter.swift */,
				4222542C267443920009A236 /* DetailViewModel.swift */,
				4222542F267443A70009A236 /* DetailParentRouter.swift */,
				4222543B2675A2970009A236 /* Detail.storyboard */,
			);
			path = Detail;
			sourceTree = "<group>";
		};
		42225433267446380009A236 /* General */ = {
			isa = PBXGroup;
			children = (
				42225434267446470009A236 /* Router.swift */,
				42225438267449DE0009A236 /* ViewModel.swift */,
			);
			path = General;
			sourceTree = "<group>";
		};
/* End PBXGroup section */

/* Begin PBXNativeTarget section */
		42225403267393C30009A236 /* Architecture */ = {
			isa = PBXNativeTarget;
			buildConfigurationList = 42225418267393C60009A236 /* Build configuration list for PBXNativeTarget "Architecture" */;
			buildPhases = (
				42225400267393C30009A236 /* Sources */,
				42225401267393C30009A236 /* Frameworks */,
				42225402267393C30009A236 /* Resources */,
			);
			buildRules = (
			);
			dependencies = (
			);
			name = Architecture;
			productName = Architecture;
			productReference = 42225404267393C30009A236 /* Architecture.app */;
			productType = "com.apple.product-type.application";
		};
/* End PBXNativeTarget section */

/* Begin PBXProject section */
		422253FC267393C30009A236 /* Project object */ = {
			isa = PBXProject;
			attributes = {
				LastSwiftUpdateCheck = 1240;
				LastUpgradeCheck = 1240;
				TargetAttributes = {
					42225403267393C30009A236 = {
						CreatedOnToolsVersion = 12.4;
					};
				};
			};
			buildConfigurationList = 422253FF267393C30009A236 /* Build configuration list for PBXProject "Architecture" */;
			compatibilityVersion = "Xcode 9.3";
			developmentRegion = en;
			hasScannedForEncodings = 0;
			knownRegions = (
				en,
				Base,
			);
			mainGroup = 422253FB267393C30009A236;
			productRefGroup = 42225405267393C30009A236 /* Products */;
			projectDirPath = "";
			projectRoot = "";
			targets = (
				42225403267393C30009A236 /* Architecture */,
			);
		};
/* End PBXProject section */

/* Begin PBXResourcesBuildPhase section */
		42225402267393C30009A236 /* Resources */ = {
			isa = PBXResourcesBuildPhase;
			buildActionMask = 2147483647;
			files = (
				42225414267393C60009A236 /* LaunchScreen.storyboard in Resources */,
				42225411267393C60009A236 /* Assets.xcassets in Resources */,
				4222540F267393C30009A236 /* Main.storyboard in Resources */,
				4222543C2675A2970009A236 /* Detail.storyboard in Resources */,
			);
			runOnlyForDeploymentPostprocessing = 0;
		};
/* End PBXResourcesBuildPhase section */

/* Begin PBXSourcesBuildPhase section */
		42225400267393C30009A236 /* Sources */ = {
			isa = PBXSourcesBuildPhase;
			buildActionMask = 2147483647;
			files = (
				42225424267443660009A236 /* MainRouter.swift in Sources */,
				4222540C267393C30009A236 /* MainViewController.swift in Sources */,
				42225435267446470009A236 /* Router.swift in Sources */,
				42225439267449DE0009A236 /* ViewModel.swift in Sources */,
				42225408267393C30009A236 /* AppDelegate.swift in Sources */,
				4222540A267393C30009A236 /* SceneDelegate.swift in Sources */,
				42225430267443A70009A236 /* DetailParentRouter.swift in Sources */,
				4222541F267394060009A236 /* DetailViewController.swift in Sources */,
				4222542A267443870009A236 /* DetailRouter.swift in Sources */,
				422254272674436E0009A236 /* MainViewModel.swift in Sources */,
				4222542D267443920009A236 /* DetailViewModel.swift in Sources */,
			);
			runOnlyForDeploymentPostprocessing = 0;
		};
/* End PBXSourcesBuildPhase section */

/* Begin PBXVariantGroup section */
		4222540D267393C30009A236 /* Main.storyboard */ = {
			isa = PBXVariantGroup;
			children = (
				4222540E267393C30009A236 /* Base */,
			);
			name = Main.storyboard;
			sourceTree = "<group>";
		};
		42225412267393C60009A236 /* LaunchScreen.storyboard */ = {
			isa = PBXVariantGroup;
			children = (
				42225413267393C60009A236 /* Base */,
			);
			name = LaunchScreen.storyboard;
			sourceTree = "<group>";
		};
/* End PBXVariantGroup section */

/* Begin XCBuildConfiguration section */
		42225416267393C60009A236 /* Debug */ = {
			isa = XCBuildConfiguration;
			buildSettings = {
				ALWAYS_SEARCH_USER_PATHS = NO;
				CLANG_ANALYZER_NONNULL = YES;
				CLANG_ANALYZER_NUMBER_OBJECT_CONVERSION = YES_AGGRESSIVE;
				CLANG_CXX_LANGUAGE_STANDARD = "gnu++14";
				CLANG_CXX_LIBRARY = "libc++";
				CLANG_ENABLE_MODULES = YES;
				CLANG_ENABLE_OBJC_ARC = YES;
				CLANG_ENABLE_OBJC_WEAK = YES;
				CLANG_WARN_BLOCK_CAPTURE_AUTORELEASING = YES;
				CLANG_WARN_BOOL_CONVERSION = YES;
				CLANG_WARN_COMMA = YES;
				CLANG_WARN_CONSTANT_CONVERSION = YES;
				CLANG_WARN_DEPRECATED_OBJC_IMPLEMENTATIONS = YES;
				CLANG_WARN_DIRECT_OBJC_ISA_USAGE = YES_ERROR;
				CLANG_WARN_DOCUMENTATION_COMMENTS = YES;
				CLANG_WARN_EMPTY_BODY = YES;
				CLANG_WARN_ENUM_CONVERSION = YES;
				CLANG_WARN_INFINITE_RECURSION = YES;
				CLANG_WARN_INT_CONVERSION = YES;
				CLANG_WARN_NON_LITERAL_NULL_CONVERSION = YES;
				CLANG_WARN_OBJC_IMPLICIT_RETAIN_SELF = YES;
				CLANG_WARN_OBJC_LITERAL_CONVERSION = YES;
				CLANG_WARN_OBJC_ROOT_CLASS = YES_ERROR;
				CLANG_WARN_QUOTED_INCLUDE_IN_FRAMEWORK_HEADER = YES;
				CLANG_WARN_RANGE_LOOP_ANALYSIS = YES;
				CLANG_WARN_STRICT_PROTOTYPES = YES;
				CLANG_WARN_SUSPICIOUS_MOVE = YES;
				CLANG_WARN_UNGUARDED_AVAILABILITY = YES_AGGRESSIVE;
				CLANG_WARN_UNREACHABLE_CODE = YES;
				CLANG_WARN__DUPLICATE_METHOD_MATCH = YES;
				COPY_PHASE_STRIP = NO;
				DEBUG_INFORMATION_FORMAT = dwarf;
				ENABLE_STRICT_OBJC_MSGSEND = YES;
				ENABLE_TESTABILITY = YES;
				GCC_C_LANGUAGE_STANDARD = gnu11;
				GCC_DYNAMIC_NO_PIC = NO;
				GCC_NO_COMMON_BLOCKS = YES;
				GCC_OPTIMIZATION_LEVEL = 0;
				GCC_PREPROCESSOR_DEFINITIONS = (
					"DEBUG=1",
					"$(inherited)",
				);
				GCC_WARN_64_TO_32_BIT_CONVERSION = YES;
				GCC_WARN_ABOUT_RETURN_TYPE = YES_ERROR;
				GCC_WARN_UNDECLARED_SELECTOR = YES;
				GCC_WARN_UNINITIALIZED_AUTOS = YES_AGGRESSIVE;
				GCC_WARN_UNUSED_FUNCTION = YES;
				GCC_WARN_UNUSED_VARIABLE = YES;
				IPHONEOS_DEPLOYMENT_TARGET = 14.4;
				MTL_ENABLE_DEBUG_INFO = INCLUDE_SOURCE;
				MTL_FAST_MATH = YES;
				ONLY_ACTIVE_ARCH = YES;
				SDKROOT = iphoneos;
				SWIFT_ACTIVE_COMPILATION_CONDITIONS = DEBUG;
				SWIFT_OPTIMIZATION_LEVEL = "-Onone";
			};
			name = Debug;
		};
		42225417267393C60009A236 /* Release */ = {
			isa = XCBuildConfiguration;
			buildSettings = {
				ALWAYS_SEARCH_USER_PATHS = NO;
				CLANG_ANALYZER_NONNULL = YES;
				CLANG_ANALYZER_NUMBER_OBJECT_CONVERSION = YES_AGGRESSIVE;
				CLANG_CXX_LANGUAGE_STANDARD = "gnu++14";
				CLANG_CXX_LIBRARY = "libc++";
				CLANG_ENABLE_MODULES = YES;
				CLANG_ENABLE_OBJC_ARC = YES;
				CLANG_ENABLE_OBJC_WEAK = YES;
				CLANG_WARN_BLOCK_CAPTURE_AUTORELEASING = YES;
				CLANG_WARN_BOOL_CONVERSION = YES;
				CLANG_WARN_COMMA = YES;
				CLANG_WARN_CONSTANT_CONVERSION = YES;
				CLANG_WARN_DEPRECATED_OBJC_IMPLEMENTATIONS = YES;
				CLANG_WARN_DIRECT_OBJC_ISA_USAGE = YES_ERROR;
				CLANG_WARN_DOCUMENTATION_COMMENTS = YES;
				CLANG_WARN_EMPTY_BODY = YES;
				CLANG_WARN_ENUM_CONVERSION = YES;
				CLANG_WARN_INFINITE_RECURSION = YES;
				CLANG_WARN_INT_CONVERSION = YES;
				CLANG_WARN_NON_LITERAL_NULL_CONVERSION = YES;
				CLANG_WARN_OBJC_IMPLICIT_RETAIN_SELF = YES;
				CLANG_WARN_OBJC_LITERAL_CONVERSION = YES;
				CLANG_WARN_OBJC_ROOT_CLASS = YES_ERROR;
				CLANG_WARN_QUOTED_INCLUDE_IN_FRAMEWORK_HEADER = YES;
				CLANG_WARN_RANGE_LOOP_ANALYSIS = YES;
				CLANG_WARN_STRICT_PROTOTYPES = YES;
				CLANG_WARN_SUSPICIOUS_MOVE = YES;
				CLANG_WARN_UNGUARDED_AVAILABILITY = YES_AGGRESSIVE;
				CLANG_WARN_UNREACHABLE_CODE = YES;
				CLANG_WARN__DUPLICATE_METHOD_MATCH = YES;
				COPY_PHASE_STRIP = NO;
				DEBUG_INFORMATION_FORMAT = "dwarf-with-dsym";
				ENABLE_NS_ASSERTIONS = NO;
				ENABLE_STRICT_OBJC_MSGSEND = YES;
				GCC_C_LANGUAGE_STANDARD = gnu11;
				GCC_NO_COMMON_BLOCKS = YES;
				GCC_WARN_64_TO_32_BIT_CONVERSION = YES;
				GCC_WARN_ABOUT_RETURN_TYPE = YES_ERROR;
				GCC_WARN_UNDECLARED_SELECTOR = YES;
				GCC_WARN_UNINITIALIZED_AUTOS = YES_AGGRESSIVE;
				GCC_WARN_UNUSED_FUNCTION = YES;
				GCC_WARN_UNUSED_VARIABLE = YES;
				IPHONEOS_DEPLOYMENT_TARGET = 14.4;
				MTL_ENABLE_DEBUG_INFO = NO;
				MTL_FAST_MATH = YES;
				SDKROOT = iphoneos;
				SWIFT_COMPILATION_MODE = wholemodule;
				SWIFT_OPTIMIZATION_LEVEL = "-O";
				VALIDATE_PRODUCT = YES;
			};
			name = Release;
		};
		42225419267393C60009A236 /* Debug */ = {
			isa = XCBuildConfiguration;
			buildSettings = {
				ASSETCATALOG_COMPILER_APPICON_NAME = AppIcon;
				ASSETCATALOG_COMPILER_GLOBAL_ACCENT_COLOR_NAME = AccentColor;
				CODE_SIGN_STYLE = Automatic;
				DEVELOPMENT_TEAM = V276VB2699;
				INFOPLIST_FILE = Architecture/Info.plist;
				LD_RUNPATH_SEARCH_PATHS = (
					"$(inherited)",
					"@executable_path/Frameworks",
				);
				PRODUCT_BUNDLE_IDENTIFIER = com.adamaszhu.Architecture;
				PRODUCT_NAME = "$(TARGET_NAME)";
				SWIFT_VERSION = 5.0;
				TARGETED_DEVICE_FAMILY = "1,2";
			};
			name = Debug;
		};
		4222541A267393C60009A236 /* Release */ = {
			isa = XCBuildConfiguration;
			buildSettings = {
				ASSETCATALOG_COMPILER_APPICON_NAME = AppIcon;
				ASSETCATALOG_COMPILER_GLOBAL_ACCENT_COLOR_NAME = AccentColor;
				CODE_SIGN_STYLE = Automatic;
				DEVELOPMENT_TEAM = V276VB2699;
				INFOPLIST_FILE = Architecture/Info.plist;
				LD_RUNPATH_SEARCH_PATHS = (
					"$(inherited)",
					"@executable_path/Frameworks",
				);
				PRODUCT_BUNDLE_IDENTIFIER = com.adamaszhu.Architecture;
				PRODUCT_NAME = "$(TARGET_NAME)";
				SWIFT_VERSION = 5.0;
				TARGETED_DEVICE_FAMILY = "1,2";
			};
			name = Release;
		};
/* End XCBuildConfiguration section */

/* Begin XCConfigurationList section */
		422253FF267393C30009A236 /* Build configuration list for PBXProject "Architecture" */ = {
			isa = XCConfigurationList;
			buildConfigurations = (
				42225416267393C60009A236 /* Debug */,
				42225417267393C60009A236 /* Release */,
			);
			defaultConfigurationIsVisible = 0;
			defaultConfigurationName = Release;
		};
		42225418267393C60009A236 /* Build configuration list for PBXNativeTarget "Architecture" */ = {
			isa = XCConfigurationList;
			buildConfigurations = (
				42225419267393C60009A236 /* Debug */,
				4222541A267393C60009A236 /* Release */,
			);
			defaultConfigurationIsVisible = 0;
			defaultConfigurationName = Release;
		};
/* End XCConfigurationList section */
	};
	rootObject = 422253FC267393C30009A236 /* Project object */;
}
