// !$*UTF8*$!
{
	archiveVersion = 1;
	classes = {
	};
	objectVersion = 51;
	objects = {

/* Begin PBXBuildFile section */
		42225408267393C30009A236 /* AppDelegate.swift in Sources */ = {isa = PBXBuildFile; fileRef = 42225407267393C30009A236 /* AppDelegate.swift */; };
		4222540C267393C30009A236 /* MainViewController.swift in Sources */ = {isa = PBXBuildFile; fileRef = 4222540B267393C30009A236 /* MainViewController.swift */; };
		4222540F267393C30009A236 /* Main.storyboard in Resources */ = {isa = PBXBuildFile; fileRef = 4222540D267393C30009A236 /* Main.storyboard */; };
		42225411267393C60009A236 /* Assets.xcassets in Resources */ = {isa = PBXBuildFile; fileRef = 42225410267393C60009A236 /* Assets.xcassets */; };
		42225414267393C60009A236 /* LaunchScreen.storyboard in Resources */ = {isa = PBXBuildFile; fileRef = 42225412267393C60009A236 /* LaunchScreen.storyboard */; };
		4222541F267394060009A236 /* DetailViewController.swift in Sources */ = {isa = PBXBuildFile; fileRef = 4222541E267394060009A236 /* DetailViewController.swift */; };
		42225424267443660009A236 /* MainCoordinator.swift in Sources */ = {isa = PBXBuildFile; fileRef = 42225423267443660009A236 /* MainCoordinator.swift */; };
		422254272674436E0009A236 /* MainViewModel.swift in Sources */ = {isa = PBXBuildFile; fileRef = 422254262674436E0009A236 /* MainViewModel.swift */; };
		4222542A267443870009A236 /* DetailCoordinator.swift in Sources */ = {isa = PBXBuildFile; fileRef = 42225429267443870009A236 /* DetailCoordinator.swift */; };
		4222542D267443920009A236 /* DetailViewModel.swift in Sources */ = {isa = PBXBuildFile; fileRef = 4222542C267443920009A236 /* DetailViewModel.swift */; };
		42225439267449DE0009A236 /* ViewModel.swift in Sources */ = {isa = PBXBuildFile; fileRef = 42225438267449DE0009A236 /* ViewModel.swift */; };
		4222543C2675A2970009A236 /* Detail.storyboard in Resources */ = {isa = PBXBuildFile; fileRef = 4222543B2675A2970009A236 /* Detail.storyboard */; };
		4232C7E8268583FD00A97A41 /* Coordinator.swift in Sources */ = {isa = PBXBuildFile; fileRef = 4232C7E7268583FD00A97A41 /* Coordinator.swift */; };
		4232C7EC2685848800A97A41 /* AppCoordinator.swift in Sources */ = {isa = PBXBuildFile; fileRef = 4232C7EB2685848800A97A41 /* AppCoordinator.swift */; };
		4232C7F626858F3C00A97A41 /* R.generated.swift in Sources */ = {isa = PBXBuildFile; fileRef = 4232C7F526858F3C00A97A41 /* R.generated.swift */; };
		4232C8CA268C0F5A00A97A41 /* ViewController.swift in Sources */ = {isa = PBXBuildFile; fileRef = 4232C8C9268C0F5900A97A41 /* ViewController.swift */; };
		C92FD6BA8E3E9B4451FABEF8 /* Pods_Architecture.framework in Frameworks */ = {isa = PBXBuildFile; fileRef = 50EEF395AE103C78F66AEA72 /* Pods_Architecture.framework */; };
/* End PBXBuildFile section */

/* Begin PBXFileReference section */
		1893D8DCDF542FFD5E60FAF3 /* Pods-Architecture.release.xcconfig */ = {isa = PBXFileReference; includeInIndex = 1; lastKnownFileType = text.xcconfig; name = "Pods-Architecture.release.xcconfig"; path = "Target Support Files/Pods-Architecture/Pods-Architecture.release.xcconfig"; sourceTree = "<group>"; };
		42225404267393C30009A236 /* Architecture.app */ = {isa = PBXFileReference; explicitFileType = wrapper.application; includeInIndex = 0; path = Architecture.app; sourceTree = BUILT_PRODUCTS_DIR; };
		42225407267393C30009A236 /* AppDelegate.swift */ = {isa = PBXFileReference; lastKnownFileType = sourcecode.swift; path = AppDelegate.swift; sourceTree = "<group>"; };
		4222540B267393C30009A236 /* MainViewController.swift */ = {isa = PBXFileReference; lastKnownFileType = sourcecode.swift; path = MainViewController.swift; sourceTree = "<group>"; };
		4222540E267393C30009A236 /* Base */ = {isa = PBXFileReference; lastKnownFileType = file.storyboard; name = Base; path = Base.lproj/Main.storyboard; sourceTree = "<group>"; };
		42225410267393C60009A236 /* Assets.xcassets */ = {isa = PBXFileReference; lastKnownFileType = folder.assetcatalog; path = Assets.xcassets; sourceTree = "<group>"; };
		42225413267393C60009A236 /* Base */ = {isa = PBXFileReference; lastKnownFileType = file.storyboard; name = Base; path = Base.lproj/LaunchScreen.storyboard; sourceTree = "<group>"; };
		42225415267393C60009A236 /* Info.plist */ = {isa = PBXFileReference; lastKnownFileType = text.plist.xml; path = Info.plist; sourceTree = "<group>"; };
		4222541E267394060009A236 /* DetailViewController.swift */ = {isa = PBXFileReference; lastKnownFileType = sourcecode.swift; path = DetailViewController.swift; sourceTree = "<group>"; };
		42225423267443660009A236 /* MainCoordinator.swift */ = {isa = PBXFileReference; lastKnownFileType = sourcecode.swift; path = MainCoordinator.swift; sourceTree = "<group>"; };
		422254262674436E0009A236 /* MainViewModel.swift */ = {isa = PBXFileReference; lastKnownFileType = sourcecode.swift; path = MainViewModel.swift; sourceTree = "<group>"; };
		42225429267443870009A236 /* DetailCoordinator.swift */ = {isa = PBXFileReference; lastKnownFileType = sourcecode.swift; path = DetailCoordinator.swift; sourceTree = "<group>"; };
		4222542C267443920009A236 /* DetailViewModel.swift */ = {isa = PBXFileReference; lastKnownFileType = sourcecode.swift; path = DetailViewModel.swift; sourceTree = "<group>"; };
		42225438267449DE0009A236 /* ViewModel.swift */ = {isa = PBXFileReference; lastKnownFileType = sourcecode.swift; path = ViewModel.swift; sourceTree = "<group>"; };
		4222543B2675A2970009A236 /* Detail.storyboard */ = {isa = PBXFileReference; lastKnownFileType = file.storyboard; path = Detail.storyboard; sourceTree = "<group>"; };
		4232C7E7268583FD00A97A41 /* Coordinator.swift */ = {isa = PBXFileReference; lastKnownFileType = sourcecode.swift; path = Coordinator.swift; sourceTree = "<group>"; };
		4232C7EB2685848800A97A41 /* AppCoordinator.swift */ = {isa = PBXFileReference; lastKnownFileType = sourcecode.swift; path = AppCoordinator.swift; sourceTree = "<group>"; };
		4232C7F526858F3C00A97A41 /* R.generated.swift */ = {isa = PBXFileReference; fileEncoding = 4; lastKnownFileType = sourcecode.swift; path = R.generated.swift; sourceTree = "<group>"; };
		4232C8C9268C0F5900A97A41 /* ViewController.swift */ = {isa = PBXFileReference; lastKnownFileType = sourcecode.swift; path = ViewController.swift; sourceTree = "<group>"; };
		50EEF395AE103C78F66AEA72 /* Pods_Architecture.framework */ = {isa = PBXFileReference; explicitFileType = wrapper.framework; includeInIndex = 0; path = Pods_Architecture.framework; sourceTree = BUILT_PRODUCTS_DIR; };
		7BFBEB56E5DB0C9A313AE510 /* Pods-Architecture.debug.xcconfig */ = {isa = PBXFileReference; includeInIndex = 1; lastKnownFileType = text.xcconfig; name = "Pods-Architecture.debug.xcconfig"; path = "Target Support Files/Pods-Architecture/Pods-Architecture.debug.xcconfig"; sourceTree = "<group>"; };
/* End PBXFileReference section */

/* Begin PBXFrameworksBuildPhase section */
		42225401267393C30009A236 /* Frameworks */ = {
			isa = PBXFrameworksBuildPhase;
			buildActionMask = 2147483647;
			files = (
				C92FD6BA8E3E9B4451FABEF8 /* Pods_Architecture.framework in Frameworks */,
			);
			runOnlyForDeploymentPostprocessing = 0;
		};
/* End PBXFrameworksBuildPhase section */

/* Begin PBXGroup section */
		2873D0F929F94960007A0B0C /* App */ = {
			isa = PBXGroup;
			children = (
				42225407267393C30009A236 /* AppDelegate.swift */,
				4232C7EB2685848800A97A41 /* AppCoordinator.swift */,
			);
			path = App;
			sourceTree = "<group>";
		};
		422253FB267393C30009A236 = {
			isa = PBXGroup;
			children = (
				42225406267393C30009A236 /* Architecture */,
				42225405267393C30009A236 /* Products */,
				A2F5AA89033BE1224A6610B0 /* Pods */,
				553386D1751A1FD7A23E3389 /* Frameworks */,
			);
			sourceTree = "<group>";
		};
		42225405267393C30009A236 /* Products */ = {
			isa = PBXGroup;
			children = (
				42225404267393C30009A236 /* Architecture.app */,
			);
			name = Products;
			sourceTree = "<group>";
		};
		42225406267393C30009A236 /* Architecture */ = {
			isa = PBXGroup;
			children = (
				2873D0F929F94960007A0B0C /* App */,
				4232C7F526858F3C00A97A41 /* R.generated.swift */,
				42225433267446380009A236 /* General */,
				4222541D267393E50009A236 /* Detail */,
				4222541C267393DC0009A236 /* Main */,
				42225410267393C60009A236 /* Assets.xcassets */,
				42225412267393C60009A236 /* LaunchScreen.storyboard */,
				42225415267393C60009A236 /* Info.plist */,
			);
			path = Architecture;
			sourceTree = "<group>";
		};
		4222541C267393DC0009A236 /* Main */ = {
			isa = PBXGroup;
			children = (
				4222540D267393C30009A236 /* Main.storyboard */,
				4222540B267393C30009A236 /* MainViewController.swift */,
				42225423267443660009A236 /* MainCoordinator.swift */,
				422254262674436E0009A236 /* MainViewModel.swift */,
			);
			path = Main;
			sourceTree = "<group>";
		};
		4222541D267393E50009A236 /* Detail */ = {
			isa = PBXGroup;
			children = (
				4222541E267394060009A236 /* DetailViewController.swift */,
				42225429267443870009A236 /* DetailCoordinator.swift */,
				4222542C267443920009A236 /* DetailViewModel.swift */,
				4222543B2675A2970009A236 /* Detail.storyboard */,
			);
			path = Detail;
			sourceTree = "<group>";
		};
		42225433267446380009A236 /* General */ = {
			isa = PBXGroup;
			children = (
				42225438267449DE0009A236 /* ViewModel.swift */,
				4232C7E7268583FD00A97A41 /* Coordinator.swift */,
				4232C8C9268C0F5900A97A41 /* ViewController.swift */,
			);
			path = General;
			sourceTree = "<group>";
		};
		553386D1751A1FD7A23E3389 /* Frameworks */ = {
			isa = PBXGroup;
			children = (
				50EEF395AE103C78F66AEA72 /* Pods_Architecture.framework */,
			);
			name = Frameworks;
			sourceTree = "<group>";
		};
		A2F5AA89033BE1224A6610B0 /* Pods */ = {
			isa = PBXGroup;
			children = (
				7BFBEB56E5DB0C9A313AE510 /* Pods-Architecture.debug.xcconfig */,
				1893D8DCDF542FFD5E60FAF3 /* Pods-Architecture.release.xcconfig */,
			);
			path = Pods;
			sourceTree = "<group>";
		};
/* End PBXGroup section */

/* Begin PBXNativeTarget section */
		42225403267393C30009A236 /* Architecture */ = {
			isa = PBXNativeTarget;
			buildConfigurationList = 42225418267393C60009A236 /* Build configuration list for PBXNativeTarget "Architecture" */;
			buildPhases = (
				E81D47A4AEA509C30B4359AF /* [CP] Check Pods Manifest.lock */,
				4232C7F326858EE500A97A41 /* RSwift */,
				42225400267393C30009A236 /* Sources */,
				42225401267393C30009A236 /* Frameworks */,
				42225402267393C30009A236 /* Resources */,
				E4A457952DF17788A1F77D7A /* [CP] Embed Pods Frameworks */,
			);
			buildRules = (
			);
			dependencies = (
			);
			name = Architecture;
			productName = Architecture;
			productReference = 42225404267393C30009A236 /* Architecture.app */;
			productType = "com.apple.product-type.application";
		};
/* End PBXNativeTarget section */

/* Begin PBXProject section */
		422253FC267393C30009A236 /* Project object */ = {
			isa = PBXProject;
			attributes = {
				LastSwiftUpdateCheck = 1240;
				LastUpgradeCheck = 1240;
				TargetAttributes = {
					42225403267393C30009A236 = {
						CreatedOnToolsVersion = 12.4;
					};
				};
			};
			buildConfigurationList = 422253FF267393C30009A236 /* Build configuration list for PBXProject "Architecture" */;
			compatibilityVersion = "Xcode 9.3";
			developmentRegion = en;
			hasScannedForEncodings = 0;
			knownRegions = (
				en,
				Base,
			);
			mainGroup = 422253FB267393C30009A236;
			productRefGroup = 42225405267393C30009A236 /* Products */;
			projectDirPath = "";
			projectRoot = "";
			targets = (
				42225403267393C30009A236 /* Architecture */,
			);
		};
/* End PBXProject section */

/* Begin PBXResourcesBuildPhase section */
		42225402267393C30009A236 /* Resources */ = {
			isa = PBXResourcesBuildPhase;
			buildActionMask = 2147483647;
			files = (
				42225414267393C60009A236 /* LaunchScreen.storyboard in Resources */,
				42225411267393C60009A236 /* Assets.xcassets in Resources */,
				4222540F267393C30009A236 /* Main.storyboard in Resources */,
				4222543C2675A2970009A236 /* Detail.storyboard in Resources */,
			);
			runOnlyForDeploymentPostprocessing = 0;
		};
/* End PBXResourcesBuildPhase section */

/* Begin PBXShellScriptBuildPhase section */
		4232C7F326858EE500A97A41 /* RSwift */ = {
			isa = PBXShellScriptBuildPhase;
			buildActionMask = 2147483647;
			files = (
			);
			inputFileListPaths = (
			);
			inputPaths = (
				"$TEMP_DIR/rswift-lastrun",
			);
			name = RSwift;
			outputFileListPaths = (
			);
			outputPaths = (
				$SRCROOT/R.generated.swift,
			);
			runOnlyForDeploymentPostprocessing = 0;
			shellPath = /bin/sh;
			shellScript = "\"$PODS_ROOT/R.swift/rswift\" generate \"$SRCROOT/R.generated.swift\"\n";
		};
		E4A457952DF17788A1F77D7A /* [CP] Embed Pods Frameworks */ = {
			isa = PBXShellScriptBuildPhase;
			buildActionMask = 2147483647;
			files = (
			);
			inputFileListPaths = (
				"${PODS_ROOT}/Target Support Files/Pods-Architecture/Pods-Architecture-frameworks-${CONFIGURATION}-input-files.xcfilelist",
			);
			name = "[CP] Embed Pods Frameworks";
			outputFileListPaths = (
				"${PODS_ROOT}/Target Support Files/Pods-Architecture/Pods-Architecture-frameworks-${CONFIGURATION}-output-files.xcfilelist",
			);
			runOnlyForDeploymentPostprocessing = 0;
			shellPath = /bin/sh;
			shellScript = "\"${PODS_ROOT}/Target Support Files/Pods-Architecture/Pods-Architecture-frameworks.sh\"\n";
			showEnvVarsInLog = 0;
		};
		E81D47A4AEA509C30B4359AF /* [CP] Check Pods Manifest.lock */ = {
			isa = PBXShellScriptBuildPhase;
			buildActionMask = 2147483647;
			files = (
			);
			inputFileListPaths = (
			);
			inputPaths = (
				"${PODS_PODFILE_DIR_PATH}/Podfile.lock",
				"${PODS_ROOT}/Manifest.lock",
			);
			name = "[CP] Check Pods Manifest.lock";
			outputFileListPaths = (
			);
			outputPaths = (
				"$(DERIVED_FILE_DIR)/Pods-Architecture-checkManifestLockResult.txt",
			);
			runOnlyForDeploymentPostprocessing = 0;
			shellPath = /bin/sh;
			shellScript = "diff \"${PODS_PODFILE_DIR_PATH}/Podfile.lock\" \"${PODS_ROOT}/Manifest.lock\" > /dev/null\nif [ $? != 0 ] ; then\n    # print error to STDERR\n    echo \"error: The sandbox is not in sync with the Podfile.lock. Run 'pod install' or update your CocoaPods installation.\" >&2\n    exit 1\nfi\n# This output is used by Xcode 'outputs' to avoid re-running this script phase.\necho \"SUCCESS\" > \"${SCRIPT_OUTPUT_FILE_0}\"\n";
			showEnvVarsInLog = 0;
		};
/* End PBXShellScriptBuildPhase section */

/* Begin PBXSourcesBuildPhase section */
		42225400267393C30009A236 /* Sources */ = {
			isa = PBXSourcesBuildPhase;
			buildActionMask = 2147483647;
			files = (
				4232C7EC2685848800A97A41 /* AppCoordinator.swift in Sources */,
				42225424267443660009A236 /* MainCoordinator.swift in Sources */,
				4222540C267393C30009A236 /* MainViewController.swift in Sources */,
				42225439267449DE0009A236 /* ViewModel.swift in Sources */,
				4232C8CA268C0F5A00A97A41 /* ViewController.swift in Sources */,
				42225408267393C30009A236 /* AppDelegate.swift in Sources */,
				4232C7F626858F3C00A97A41 /* R.generated.swift in Sources */,
				4222541F267394060009A236 /* DetailViewController.swift in Sources */,
				4232C7E8268583FD00A97A41 /* Coordinator.swift in Sources */,
				4222542A267443870009A236 /* DetailCoordinator.swift in Sources */,
				422254272674436E0009A236 /* MainViewModel.swift in Sources */,
				4222542D267443920009A236 /* DetailViewModel.swift in Sources */,
			);
			runOnlyForDeploymentPostprocessing = 0;
		};
/* End PBXSourcesBuildPhase section */

/* Begin PBXVariantGroup section */
		4222540D267393C30009A236 /* Main.storyboard */ = {
			isa = PBXVariantGroup;
			children = (
				4222540E267393C30009A236 /* Base */,
			);
			name = Main.storyboard;
			sourceTree = "<group>";
		};
		42225412267393C60009A236 /* LaunchScreen.storyboard */ = {
			isa = PBXVariantGroup;
			children = (
				42225413267393C60009A236 /* Base */,
			);
			name = LaunchScreen.storyboard;
			sourceTree = "<group>";
		};
/* End PBXVariantGroup section */

/* Begin XCBuildConfiguration section */
		42225416267393C60009A236 /* Debug */ = {
			isa = XCBuildConfiguration;
			buildSettings = {
				ALWAYS_SEARCH_USER_PATHS = NO;
				CLANG_ANALYZER_NONNULL = YES;
				CLANG_ANALYZER_NUMBER_OBJECT_CONVERSION = YES_AGGRESSIVE;
				CLANG_CXX_LANGUAGE_STANDARD = "gnu++14";
				CLANG_CXX_LIBRARY = "libc++";
				CLANG_ENABLE_MODULES = YES;
				CLANG_ENABLE_OBJC_ARC = YES;
				CLANG_ENABLE_OBJC_WEAK = YES;
				CLANG_WARN_BLOCK_CAPTURE_AUTORELEASING = YES;
				CLANG_WARN_BOOL_CONVERSION = YES;
				CLANG_WARN_COMMA = YES;
				CLANG_WARN_CONSTANT_CONVERSION = YES;
				CLANG_WARN_DEPRECATED_OBJC_IMPLEMENTATIONS = YES;
				CLANG_WARN_DIRECT_OBJC_ISA_USAGE = YES_ERROR;
				CLANG_WARN_DOCUMENTATION_COMMENTS = YES;
				CLANG_WARN_EMPTY_BODY = YES;
				CLANG_WARN_ENUM_CONVERSION = YES;
				CLANG_WARN_INFINITE_RECURSION = YES;
				CLANG_WARN_INT_CONVERSION = YES;
				CLANG_WARN_NON_LITERAL_NULL_CONVERSION = YES;
				CLANG_WARN_OBJC_IMPLICIT_RETAIN_SELF = YES;
				CLANG_WARN_OBJC_LITERAL_CONVERSION = YES;
				CLANG_WARN_OBJC_ROOT_CLASS = YES_ERROR;
				CLANG_WARN_QUOTED_INCLUDE_IN_FRAMEWORK_HEADER = YES;
				CLANG_WARN_RANGE_LOOP_ANALYSIS = YES;
				CLANG_WARN_STRICT_PROTOTYPES = YES;
				CLANG_WARN_SUSPICIOUS_MOVE = YES;
				CLANG_WARN_UNGUARDED_AVAILABILITY = YES_AGGRESSIVE;
				CLANG_WARN_UNREACHABLE_CODE = YES;
				CLANG_WARN__DUPLICATE_METHOD_MATCH = YES;
				COPY_PHASE_STRIP = NO;
				DEBUG_INFORMATION_FORMAT = dwarf;
				ENABLE_STRICT_OBJC_MSGSEND = YES;
				ENABLE_TESTABILITY = YES;
				GCC_C_LANGUAGE_STANDARD = gnu11;
				GCC_DYNAMIC_NO_PIC = NO;
				GCC_NO_COMMON_BLOCKS = YES;
				GCC_OPTIMIZATION_LEVEL = 0;
				GCC_PREPROCESSOR_DEFINITIONS = (
					"DEBUG=1",
					"$(inherited)",
				);
				GCC_WARN_64_TO_32_BIT_CONVERSION = YES;
				GCC_WARN_ABOUT_RETURN_TYPE = YES_ERROR;
				GCC_WARN_UNDECLARED_SELECTOR = YES;
				GCC_WARN_UNINITIALIZED_AUTOS = YES_AGGRESSIVE;
				GCC_WARN_UNUSED_FUNCTION = YES;
				GCC_WARN_UNUSED_VARIABLE = YES;
				IPHONEOS_DEPLOYMENT_TARGET = 13.0;
				MTL_ENABLE_DEBUG_INFO = INCLUDE_SOURCE;
				MTL_FAST_MATH = YES;
				ONLY_ACTIVE_ARCH = YES;
				SDKROOT = iphoneos;
				SWIFT_ACTIVE_COMPILATION_CONDITIONS = DEBUG;
				SWIFT_OPTIMIZATION_LEVEL = "-Onone";
			};
			name = Debug;
		};
		42225417267393C60009A236 /* Release */ = {
			isa = XCBuildConfiguration;
			buildSettings = {
				ALWAYS_SEARCH_USER_PATHS = NO;
				CLANG_ANALYZER_NONNULL = YES;
				CLANG_ANALYZER_NUMBER_OBJECT_CONVERSION = YES_AGGRESSIVE;
				CLANG_CXX_LANGUAGE_STANDARD = "gnu++14";
				CLANG_CXX_LIBRARY = "libc++";
				CLANG_ENABLE_MODULES = YES;
				CLANG_ENABLE_OBJC_ARC = YES;
				CLANG_ENABLE_OBJC_WEAK = YES;
				CLANG_WARN_BLOCK_CAPTURE_AUTORELEASING = YES;
				CLANG_WARN_BOOL_CONVERSION = YES;
				CLANG_WARN_COMMA = YES;
				CLANG_WARN_CONSTANT_CONVERSION = YES;
				CLANG_WARN_DEPRECATED_OBJC_IMPLEMENTATIONS = YES;
				CLANG_WARN_DIRECT_OBJC_ISA_USAGE = YES_ERROR;
				CLANG_WARN_DOCUMENTATION_COMMENTS = YES;
				CLANG_WARN_EMPTY_BODY = YES;
				CLANG_WARN_ENUM_CONVERSION = YES;
				CLANG_WARN_INFINITE_RECURSION = YES;
				CLANG_WARN_INT_CONVERSION = YES;
				CLANG_WARN_NON_LITERAL_NULL_CONVERSION = YES;
				CLANG_WARN_OBJC_IMPLICIT_RETAIN_SELF = YES;
				CLANG_WARN_OBJC_LITERAL_CONVERSION = YES;
				CLANG_WARN_OBJC_ROOT_CLASS = YES_ERROR;
				CLANG_WARN_QUOTED_INCLUDE_IN_FRAMEWORK_HEADER = YES;
				CLANG_WARN_RANGE_LOOP_ANALYSIS = YES;
				CLANG_WARN_STRICT_PROTOTYPES = YES;
				CLANG_WARN_SUSPICIOUS_MOVE = YES;
				CLANG_WARN_UNGUARDED_AVAILABILITY = YES_AGGRESSIVE;
				CLANG_WARN_UNREACHABLE_CODE = YES;
				CLANG_WARN__DUPLICATE_METHOD_MATCH = YES;
				COPY_PHASE_STRIP = NO;
				DEBUG_INFORMATION_FORMAT = "dwarf-with-dsym";
				ENABLE_NS_ASSERTIONS = NO;
				ENABLE_STRICT_OBJC_MSGSEND = YES;
				GCC_C_LANGUAGE_STANDARD = gnu11;
				GCC_NO_COMMON_BLOCKS = YES;
				GCC_WARN_64_TO_32_BIT_CONVERSION = YES;
				GCC_WARN_ABOUT_RETURN_TYPE = YES_ERROR;
				GCC_WARN_UNDECLARED_SELECTOR = YES;
				GCC_WARN_UNINITIALIZED_AUTOS = YES_AGGRESSIVE;
				GCC_WARN_UNUSED_FUNCTION = YES;
				GCC_WARN_UNUSED_VARIABLE = YES;
				IPHONEOS_DEPLOYMENT_TARGET = 13.0;
				MTL_ENABLE_DEBUG_INFO = NO;
				MTL_FAST_MATH = YES;
				SDKROOT = iphoneos;
				SWIFT_COMPILATION_MODE = wholemodule;
				SWIFT_OPTIMIZATION_LEVEL = "-O";
				VALIDATE_PRODUCT = YES;
			};
			name = Release;
		};
		42225419267393C60009A236 /* Debug */ = {
			isa = XCBuildConfiguration;
			baseConfigurationReference = 7BFBEB56E5DB0C9A313AE510 /* Pods-Architecture.debug.xcconfig */;
			buildSettings = {
				ASSETCATALOG_COMPILER_APPICON_NAME = AppIcon;
				ASSETCATALOG_COMPILER_GLOBAL_ACCENT_COLOR_NAME = AccentColor;
				CODE_SIGN_STYLE = Automatic;
				DEVELOPMENT_TEAM = V276VB2699;
				INFOPLIST_FILE = Architecture/Info.plist;
				LD_RUNPATH_SEARCH_PATHS = (
					"$(inherited)",
					"@executable_path/Frameworks",
				);
				PRODUCT_BUNDLE_IDENTIFIER = com.adamaszhu.Architecture;
				PRODUCT_NAME = "$(TARGET_NAME)";
				SWIFT_VERSION = 5.0;
				TARGETED_DEVICE_FAMILY = "1,2";
			};
			name = Debug;
		};
		4222541A267393C60009A236 /* Release */ = {
			isa = XCBuildConfiguration;
			baseConfigurationReference = 1893D8DCDF542FFD5E60FAF3 /* Pods-Architecture.release.xcconfig */;
			buildSettings = {
				ASSETCATALOG_COMPILER_APPICON_NAME = AppIcon;
				ASSETCATALOG_COMPILER_GLOBAL_ACCENT_COLOR_NAME = AccentColor;
				CODE_SIGN_STYLE = Automatic;
				DEVELOPMENT_TEAM = V276VB2699;
				INFOPLIST_FILE = Architecture/Info.plist;
				LD_RUNPATH_SEARCH_PATHS = (
					"$(inherited)",
					"@executable_path/Frameworks",
				);
				PRODUCT_BUNDLE_IDENTIFIER = com.adamaszhu.Architecture;
				PRODUCT_NAME = "$(TARGET_NAME)";
				SWIFT_VERSION = 5.0;
				TARGETED_DEVICE_FAMILY = "1,2";
			};
			name = Release;
		};
/* End XCBuildConfiguration section */

/* Begin XCConfigurationList section */
		422253FF267393C30009A236 /* Build configuration list for PBXProject "Architecture" */ = {
			isa = XCConfigurationList;
			buildConfigurations = (
				42225416267393C60009A236 /* Debug */,
				42225417267393C60009A236 /* Release */,
			);
			defaultConfigurationIsVisible = 0;
			defaultConfigurationName = Release;
		};
		42225418267393C60009A236 /* Build configuration list for PBXNativeTarget "Architecture" */ = {
			isa = XCConfigurationList;
			buildConfigurations = (
				42225419267393C60009A236 /* Debug */,
				4222541A267393C60009A236 /* Release */,
			);
			defaultConfigurationIsVisible = 0;
			defaultConfigurationName = Release;
		};
/* End XCConfigurationList section */
	};
	rootObject = 422253FC267393C30009A236 /* Project object */;
}
